{
  "name": "video-cropper",
  "version": "1.0.0",
  "lockfileVersion": 3,
  "requires": true,
  "packages": {
    "": {
      "name": "video-cropper",
      "version": "1.0.0",
      "license": "MIT",
      "dependencies": {
        "@ffmpeg/core-mt": "0.12.10",
        "@ffmpeg/ffmpeg": "0.12.10",
        "mp4-muxer": "^5.1.2"
      },
      "devDependencies": {}
    },
    "node_modules/@ffmpeg/core-mt": {
      "version": "0.12.10",
      "resolved": "https://registry.npmjs.org/@ffmpeg/core-mt/-/core-mt-0.12.10.tgz",
      "integrity": "sha512-atyRTOpa58bLCIgd6GXBZAXWyWD3AUoQyzxqjvGhp9MuSzdILtOTI62ffLswBsCnLq15lQ8IETHUpm1oe4V9FQ==",
      "license": "GPL-2.0-or-later",
      "engines": {
        "node": ">=16.x"
      }
    },
    "node_modules/@ffmpeg/ffmpeg": {
      "version": "0.12.10",
      "resolved": "https://registry.npmjs.org/@ffmpeg/ffmpeg/-/ffmpeg-0.12.10.tgz",
      "integrity": "sha512-lVtk8PW8e+NUzGZhPTWj2P1J4/NyuCrbDD3O9IGpSeLYtUZKBqZO8CNj1WYGghep/MXoM8e1qVY1GztTkf8YYQ==",
      "license": "MIT",
      "dependencies": {
        "@ffmpeg/types": "^0.12.2"
      },
      "engines": {
        "node": ">=18.x"
      }
    },
    "node_modules/@ffmpeg/types": {
      "version": "0.12.4",
      "resolved": "https://registry.npmjs.org/@ffmpeg/types/-/types-0.12.4.tgz",
      "integrity": "sha512-k9vJQNBGTxE5AhYDtOYR5rO5fKsspbg51gbcwtbkw2lCdoIILzklulcjJfIDwrtn7XhDeF2M+THwJ2FGrLeV6A==",
      "license": "MIT",
      "engines": {
        "node": ">=16.x"
      }
    },
    "node_modules/@types/dom-webcodecs": {
      "version": "0.1.16",
      "resolved": "https://registry.npmjs.org/@types/dom-webcodecs/-/dom-webcodecs-0.1.16.tgz",
      "integrity": "sha512-gRNWaC3YW5EzhPRjVYy7BnxCbtLGqsgu+uTkmV/IxOF1bllFD+FAJ1KBdsDFsuJB+F+CE+nWmMlWt8vaZ3yYXA==",
      "license": "MIT"
    },
    "node_modules/@types/wicg-file-system-access": {
      "version": "2020.9.8",
      "resolved": "https://registry.npmjs.org/@types/wicg-file-system-access/-/wicg-file-system-access-2020.9.8.tgz",
      "integrity": "sha512-ggMz8nOygG7d/stpH40WVaNvBwuyYLnrg5Mbyf6bmsj/8+gb6Ei4ZZ9/4PNpcPNTT8th9Q8sM8wYmWGjMWLX/A==",
      "license": "MIT"
    },
    "node_modules/mp4-muxer": {
      "version": "5.2.2",
      "resolved": "https://registry.npmjs.org/mp4-muxer/-/mp4-muxer-5.2.2.tgz",
      "integrity": "sha512-dhozjTywI0h2qFzeShagt8YYw811fh1XlwiDCE2f6Aeqf6xG2CyuShoSa5E0AZDO8pPF0JOZ3wOmWBNWIGdSpQ==",
      "deprecated": "This library is superseded by Mediabunny. Please migrate to it.",
      "license": "MIT",
      "dependencies": {
        "@types/dom-webcodecs": "^0.1.6",
        "@types/wicg-file-system-access": "^2020.9.5"
      }
    }
  }
}
